
Microsoft Visual Studio Solution File, Format Version 12.00
# Visual Studio 2015
Project("{FAE04EC0-301F-11D3-BF4B-00C04F79EFBC}") = "SampleMultiplayerGame_tutorial", "SampleMultiplayerGame_tutorial.csproj", "{7BC3F34D-EC13-14E9-98FF-6C4F4B99683B}"
EndProject
Project("{FAE04EC0-301F-11D3-BF4B-00C04F79EFBC}") = "SampleMultiplayerGame_tutorial.Editor", "SampleMultiplayerGame_tutorial.Editor.csproj", "{FEEEACD0-F94A-FFE1-FF19-F4881AA3EA2C}"
EndProject
Global
	GlobalSection(SolutionConfigurationPlatforms) = preSolution
		Debug|Any CPU = Debug|Any CPU
		Release|Any CPU = Release|Any CPU
	EndGlobalSection
	GlobalSection(ProjectConfigurationPlatforms) = postSolution
		{7BC3F34D-EC13-14E9-98FF-6C4F4B99683B}.Debug|Any CPU.ActiveCfg = Debug|Any CPU
		{7BC3F34D-EC13-14E9-98FF-6C4F4B99683B}.Debug|Any CPU.Build.0 = Debug|Any CPU
		{7BC3F34D-EC13-14E9-98FF-6C4F4B99683B}.Release|Any CPU.ActiveCfg = Release|Any CPU
		{7BC3F34D-EC13-14E9-98FF-6C4F4B99683B}.Release|Any CPU.Build.0 = Release|Any CPU
		{FEEEACD0-F94A-FFE1-FF19-F4881AA3EA2C}.Debug|Any CPU.ActiveCfg = Debug|Any CPU
		{FEEEACD0-F94A-FFE1-FF19-F4881AA3EA2C}.Debug|Any CPU.Build.0 = Debug|Any CPU
		{FEEEACD0-F94A-FFE1-FF19-F4881AA3EA2C}.Release|Any CPU.ActiveCfg = Release|Any CPU
		{FEEEACD0-F94A-FFE1-FF19-F4881AA3EA2C}.Release|Any CPU.Build.0 = Release|Any CPU
	EndGlobalSection
	GlobalSection(SolutionProperties) = preSolution
		HideSolutionNode = FALSE
	EndGlobalSection
EndGlobal
